
Microsoft Visual Studio Solution File, Format Version 12.00
# Visual Studio Version 16
VisualStudioVersion = 16.0.29519.87
MinimumVisualStudioVersion = 10.0.40219.1
Project("{FAE04EC0-301F-11D3-BF4B-00C04F79EFBC}") = "Homework1", "Homework1\Homework1.csproj", "{69081895-0DA2-4CB2-ACB4-CEB4CEAFBE02}"
EndProject
Global
	GlobalSection(SolutionConfigurationPlatforms) = preSolution
		Debug|Any CPU = Debug|Any CPU
		Release|Any CPU = Release|Any CPU
	EndGlobalSection
	GlobalSection(ProjectConfigurationPlatforms) = postSolution
		{69081895-0DA2-4CB2-ACB4-CEB4CEAFBE02}.Debug|Any CPU.ActiveCfg = Debug|Any CPU
		{69081895-0DA2-4CB2-ACB4-CEB4CEAFBE02}.Debug|Any CPU.Build.0 = Debug|Any CPU
		{69081895-0DA2-4CB2-ACB4-CEB4CEAFBE02}.Release|Any CPU.ActiveCfg = Release|Any CPU
		{69081895-0DA2-4CB2-ACB4-CEB4CEAFBE02}.Release|Any CPU.Build.0 = Release|Any CPU
	EndGlobalSection
	GlobalSection(SolutionProperties) = preSolution
		HideSolutionNode = FALSE
	EndGlobalSection
	GlobalSection(ExtensibilityGlobals) = postSolution
		SolutionGuid = {0E1C6610-D2E4-409F-9CC2-28FB9AAE4E51}
	EndGlobalSection
EndGlobal
